
Microsoft Visual Studio Solution File, Format Version 12.00
# Visual Studio Version 17
VisualStudioVersion = 17.2.32616.157
MinimumVisualStudioVersion = 10.0.40219.1
Project("{FAE04EC0-301F-11D3-BF4B-00C04F79EFBC}") = "WomanInAPI", "WomanIn\WomanInAPI.csproj", "{C319DC5F-57BE-424A-90C1-1C76EB4633A9}"
EndProject
Project("{FAE04EC0-301F-11D3-BF4B-00C04F79EFBC}") = "WomanInTEST", "WomanInTEST\WomanInTEST.csproj", "{7F8DF0EB-64F5-4FF2-BA73-43B02DBBB037}"
EndProject
Global
	GlobalSection(SolutionConfigurationPlatforms) = preSolution
		Debug|Any CPU = Debug|Any CPU
		Release|Any CPU = Release|Any CPU
	EndGlobalSection
	GlobalSection(ProjectConfigurationPlatforms) = postSolution
		{C319DC5F-57BE-424A-90C1-1C76EB4633A9}.Debug|Any CPU.ActiveCfg = Debug|Any CPU
		{C319DC5F-57BE-424A-90C1-1C76EB4633A9}.Debug|Any CPU.Build.0 = Debug|Any CPU
		{C319DC5F-57BE-424A-90C1-1C76EB4633A9}.Release|Any CPU.ActiveCfg = Release|Any CPU
		{C319DC5F-57BE-424A-90C1-1C76EB4633A9}.Release|Any CPU.Build.0 = Release|Any CPU
		{7F8DF0EB-64F5-4FF2-BA73-43B02DBBB037}.Debug|Any CPU.ActiveCfg = Debug|Any CPU
		{7F8DF0EB-64F5-4FF2-BA73-43B02DBBB037}.Debug|Any CPU.Build.0 = Debug|Any CPU
		{7F8DF0EB-64F5-4FF2-BA73-43B02DBBB037}.Release|Any CPU.ActiveCfg = Release|Any CPU
		{7F8DF0EB-64F5-4FF2-BA73-43B02DBBB037}.Release|Any CPU.Build.0 = Release|Any CPU
	EndGlobalSection
	GlobalSection(SolutionProperties) = preSolution
		HideSolutionNode = FALSE
	EndGlobalSection
	GlobalSection(ExtensibilityGlobals) = postSolution
		SolutionGuid = {584676A8-00B5-477C-BC5E-463DC6B97648}
	EndGlobalSection
EndGlobal
